
Microsoft Visual Studio Solution File, Format Version 12.00
# Visual Studio 15
VisualStudioVersion = 15.0.26403.7
MinimumVisualStudioVersion = 10.0.40219.1
Project("{FAE04EC0-301F-11D3-BF4B-00C04F79EFBC}") = "CPRG102.FinalProject.Domain", "CPRG102.FinalProject.Domain\CPRG102.FinalProject.Domain.csproj", "{6781BCD9-7EA9-4DAF-AE88-3E25261357DD}"
EndProject
Project("{FAE04EC0-301F-11D3-BF4B-00C04F79EFBC}") = "CPRG102.FinalProject.Data", "CPRG102.FinalProject.Data\CPRG102.FinalProject.Data.csproj", "{9F57DC05-BB37-4D13-A2D2-A1047DF2CE68}"
EndProject
Project("{FAE04EC0-301F-11D3-BF4B-00C04F79EFBC}") = "CPRG102.FinalProject.BLL", "CPRG102.FinalProject.BLL\CPRG102.FinalProject.BLL.csproj", "{905F6BC6-275F-4649-9E27-D338D935C195}"
EndProject
Project("{FAE04EC0-301F-11D3-BF4B-00C04F79EFBC}") = "CPRG102.FinalProject.HRService", "CPRG102.FinalProject.HRService\CPRG102.FinalProject.HRService.csproj", "{7D190D43-9C2E-4CC2-A750-CD8C4DFE0DA3}"
EndProject
Project("{FAE04EC0-301F-11D3-BF4B-00C04F79EFBC}") = "CPRG102.FinalProject.AssetTracking", "CPRG102.FinalProject.AssetTracking\CPRG102.FinalProject.AssetTracking.csproj", "{72430154-8360-4166-B3C4-D423A2F15CE2}"
EndProject
Global
	GlobalSection(SolutionConfigurationPlatforms) = preSolution
		Debug|Any CPU = Debug|Any CPU
		Release|Any CPU = Release|Any CPU
	EndGlobalSection
	GlobalSection(ProjectConfigurationPlatforms) = postSolution
		{6781BCD9-7EA9-4DAF-AE88-3E25261357DD}.Debug|Any CPU.ActiveCfg = Debug|Any CPU
		{6781BCD9-7EA9-4DAF-AE88-3E25261357DD}.Debug|Any CPU.Build.0 = Debug|Any CPU
		{6781BCD9-7EA9-4DAF-AE88-3E25261357DD}.Release|Any CPU.ActiveCfg = Release|Any CPU
		{6781BCD9-7EA9-4DAF-AE88-3E25261357DD}.Release|Any CPU.Build.0 = Release|Any CPU
		{9F57DC05-BB37-4D13-A2D2-A1047DF2CE68}.Debug|Any CPU.ActiveCfg = Debug|Any CPU
		{9F57DC05-BB37-4D13-A2D2-A1047DF2CE68}.Debug|Any CPU.Build.0 = Debug|Any CPU
		{9F57DC05-BB37-4D13-A2D2-A1047DF2CE68}.Release|Any CPU.ActiveCfg = Release|Any CPU
		{9F57DC05-BB37-4D13-A2D2-A1047DF2CE68}.Release|Any CPU.Build.0 = Release|Any CPU
		{905F6BC6-275F-4649-9E27-D338D935C195}.Debug|Any CPU.ActiveCfg = Debug|Any CPU
		{905F6BC6-275F-4649-9E27-D338D935C195}.Debug|Any CPU.Build.0 = Debug|Any CPU
		{905F6BC6-275F-4649-9E27-D338D935C195}.Release|Any CPU.ActiveCfg = Release|Any CPU
		{905F6BC6-275F-4649-9E27-D338D935C195}.Release|Any CPU.Build.0 = Release|Any CPU
		{7D190D43-9C2E-4CC2-A750-CD8C4DFE0DA3}.Debug|Any CPU.ActiveCfg = Debug|Any CPU
		{7D190D43-9C2E-4CC2-A750-CD8C4DFE0DA3}.Debug|Any CPU.Build.0 = Debug|Any CPU
		{7D190D43-9C2E-4CC2-A750-CD8C4DFE0DA3}.Release|Any CPU.ActiveCfg = Release|Any CPU
		{7D190D43-9C2E-4CC2-A750-CD8C4DFE0DA3}.Release|Any CPU.Build.0 = Release|Any CPU
		{72430154-8360-4166-B3C4-D423A2F15CE2}.Debug|Any CPU.ActiveCfg = Debug|Any CPU
		{72430154-8360-4166-B3C4-D423A2F15CE2}.Debug|Any CPU.Build.0 = Debug|Any CPU
		{72430154-8360-4166-B3C4-D423A2F15CE2}.Release|Any CPU.ActiveCfg = Release|Any CPU
		{72430154-8360-4166-B3C4-D423A2F15CE2}.Release|Any CPU.Build.0 = Release|Any CPU
	EndGlobalSection
	GlobalSection(SolutionProperties) = preSolution
		HideSolutionNode = FALSE
	EndGlobalSection
EndGlobal
